
Microsoft Visual Studio Solution File, Format Version 12.00
# Visual Studio 2012
Project("{FAE04EC0-301F-11D3-BF4B-00C04F79EFBC}") = "SharpHacker", "SharpHacker\SharpHacker.csproj", "{60B5DEC0-433D-443E-9093-33AF71D4CE9F}"
EndProject
Project("{FAE04EC0-301F-11D3-BF4B-00C04F79EFBC}") = "SharpHackerTests", "SharpHackerTests\SharpHackerTests.csproj", "{4FDA6B93-8704-4091-A625-E8405A655D89}"
EndProject
Global
	GlobalSection(SolutionConfigurationPlatforms) = preSolution
		Debug|Any CPU = Debug|Any CPU
		Release|Any CPU = Release|Any CPU
	EndGlobalSection
	GlobalSection(ProjectConfigurationPlatforms) = postSolution
		{60B5DEC0-433D-443E-9093-33AF71D4CE9F}.Debug|Any CPU.ActiveCfg = Debug|Any CPU
		{60B5DEC0-433D-443E-9093-33AF71D4CE9F}.Debug|Any CPU.Build.0 = Debug|Any CPU
		{60B5DEC0-433D-443E-9093-33AF71D4CE9F}.Release|Any CPU.ActiveCfg = Release|Any CPU
		{60B5DEC0-433D-443E-9093-33AF71D4CE9F}.Release|Any CPU.Build.0 = Release|Any CPU
		{4FDA6B93-8704-4091-A625-E8405A655D89}.Debug|Any CPU.ActiveCfg = Debug|Any CPU
		{4FDA6B93-8704-4091-A625-E8405A655D89}.Debug|Any CPU.Build.0 = Debug|Any CPU
		{4FDA6B93-8704-4091-A625-E8405A655D89}.Release|Any CPU.ActiveCfg = Release|Any CPU
		{4FDA6B93-8704-4091-A625-E8405A655D89}.Release|Any CPU.Build.0 = Release|Any CPU
	EndGlobalSection
EndGlobal
